
Microsoft Visual Studio Solution File, Format Version 12.00
# Visual Studio 2012
Project("{FAE04EC0-301F-11D3-BF4B-00C04F79EFBC}") = "Trinity.ServiceWrappers", "Trinity.ServiceWrappers.csproj", "{20EFC49A-3B66-493F-A506-646E86DF7F67}"
EndProject
Project("{FAE04EC0-301F-11D3-BF4B-00C04F79EFBC}") = "Trinity.ServiceWrappers.Tests", "..\Trinity.ServiceWrappers.Tests\Trinity.ServiceWrappers.Tests.csproj", "{BFDB5CF6-EF88-4C7A-9433-BA826578BD7D}"
EndProject
Global
	GlobalSection(SolutionConfigurationPlatforms) = preSolution
		Debug|Any CPU = Debug|Any CPU
		Release|Any CPU = Release|Any CPU
	EndGlobalSection
	GlobalSection(ProjectConfigurationPlatforms) = postSolution
		{20EFC49A-3B66-493F-A506-646E86DF7F67}.Debug|Any CPU.ActiveCfg = Debug|Any CPU
		{20EFC49A-3B66-493F-A506-646E86DF7F67}.Debug|Any CPU.Build.0 = Debug|Any CPU
		{20EFC49A-3B66-493F-A506-646E86DF7F67}.Release|Any CPU.ActiveCfg = Release|Any CPU
		{20EFC49A-3B66-493F-A506-646E86DF7F67}.Release|Any CPU.Build.0 = Release|Any CPU
		{BFDB5CF6-EF88-4C7A-9433-BA826578BD7D}.Debug|Any CPU.ActiveCfg = Debug|Any CPU
		{BFDB5CF6-EF88-4C7A-9433-BA826578BD7D}.Debug|Any CPU.Build.0 = Debug|Any CPU
		{BFDB5CF6-EF88-4C7A-9433-BA826578BD7D}.Release|Any CPU.ActiveCfg = Release|Any CPU
		{BFDB5CF6-EF88-4C7A-9433-BA826578BD7D}.Release|Any CPU.Build.0 = Release|Any CPU
	EndGlobalSection
	GlobalSection(SolutionProperties) = preSolution
		HideSolutionNode = FALSE
	EndGlobalSection
EndGlobal
